
Microsoft Visual Studio Solution File, Format Version 12.00
# Visual Studio Version 16
VisualStudioVersion = 16.0.29409.12
MinimumVisualStudioVersion = 10.0.40219.1
Project("{8BC9CEB8-8B4A-11D0-8D11-00A0C91BC942}") = "sample", "sample.vcxproj", "{8C071C57-DAB1-49AB-8A43-93248CC2981F}"
EndProject
Global
	GlobalSection(SolutionConfigurationPlatforms) = preSolution
		Debug|Win32 = Debug|Win32
		Debug|x64 = Debug|x64
		Release|Win32 = Release|Win32
		Release|x64 = Release|x64
	EndGlobalSection
	GlobalSection(ProjectConfigurationPlatforms) = postSolution
		{8C071C57-DAB1-49AB-8A43-93248CC2981F}.Debug|Win32.ActiveCfg = Debug|Win32
		{8C071C57-DAB1-49AB-8A43-93248CC2981F}.Debug|Win32.Build.0 = Debug|Win32
		{8C071C57-DAB1-49AB-8A43-93248CC2981F}.Debug|x64.ActiveCfg = Debug|x64
		{8C071C57-DAB1-49AB-8A43-93248CC2981F}.Debug|x64.Build.0 = Debug|x64
		{8C071C57-DAB1-49AB-8A43-93248CC2981F}.Release|Win32.ActiveCfg = Release|Win32
		{8C071C57-DAB1-49AB-8A43-93248CC2981F}.Release|Win32.Build.0 = Release|Win32
		{8C071C57-DAB1-49AB-8A43-93248CC2981F}.Release|x64.ActiveCfg = Release|x64
		{8C071C57-DAB1-49AB-8A43-93248CC2981F}.Release|x64.Build.0 = Release|x64
	EndGlobalSection
	GlobalSection(SolutionProperties) = preSolution
		HideSolutionNode = FALSE
	EndGlobalSection
	GlobalSection(ExtensibilityGlobals) = postSolution
		SolutionGuid = {4FAAD829-8758-428C-915C-A4F802A79C5D}
	EndGlobalSection
EndGlobal
